{
  "name": "com.cordova.ldn",
  "version": "1.0.0",
  "lockfileVersion": 3,
  "requires": true,
  "packages": {
    "": {
      "name": "com.cordova.ldn",
      "version": "1.0.0",
      "license": "Apache-2.0",
      "dependencies": {
        "zingtouch": "^1.0.6"
      },
      "devDependencies": {
        "cordova-plugin-geolocation": "^5.0.0"
      }
    },
    "node_modules/cordova-plugin-geolocation": {
      "version": "5.0.0",
      "resolved": "https://registry.npmjs.org/cordova-plugin-geolocation/-/cordova-plugin-geolocation-5.0.0.tgz",
      "integrity": "sha512-eIk96pF59y3AK+NHeyA0si9eFhZElgOcFoGoTU9LDlnEYpfBN+V4ojRpKq3NMLCGTozew22/i9najFu9Kvb40g==",
      "dev": true,
      "engines": {
        "cordovaDependencies": {
          "3.0.0": {
            "cordova-android": ">=6.3.0"
          },
          "6.0.0": {
            "cordova": ">100"
          }
        }
      }
    },
    "node_modules/zingtouch": {
      "version": "1.0.6",
      "resolved": "https://registry.npmjs.org/zingtouch/-/zingtouch-1.0.6.tgz",
      "integrity": "sha512-S7jcR7cSRy28VmQBO0Tq7ZJV4pzfvvrTU9FrrL0K1QPpfBal9wm0oKhoCuifc+PPCq+hQMTJr5E9XKUQDm00VA=="
    }
  }
}
